
Microsoft Visual Studio Solution File, Format Version 12.00
# Visual Studio Version 17
VisualStudioVersion = 17.5.33627.172
MinimumVisualStudioVersion = 10.0.40219.1
Project("{FAE04EC0-301F-11D3-BF4B-00C04F79EFBC}") = "UnPaint", "UnPaint\UnPaint.csproj", "{8D388C52-FC57-4ED4-BAF5-E75E1AEDA180}"
EndProject
Global
	GlobalSection(SolutionConfigurationPlatforms) = preSolution
		Debug|Any CPU = Debug|Any CPU
		Release|Any CPU = Release|Any CPU
	EndGlobalSection
	GlobalSection(ProjectConfigurationPlatforms) = postSolution
		{8D388C52-FC57-4ED4-BAF5-E75E1AEDA180}.Debug|Any CPU.ActiveCfg = Debug|Any CPU
		{8D388C52-FC57-4ED4-BAF5-E75E1AEDA180}.Debug|Any CPU.Build.0 = Debug|Any CPU
		{8D388C52-FC57-4ED4-BAF5-E75E1AEDA180}.Release|Any CPU.ActiveCfg = Release|Any CPU
		{8D388C52-FC57-4ED4-BAF5-E75E1AEDA180}.Release|Any CPU.Build.0 = Release|Any CPU
	EndGlobalSection
	GlobalSection(SolutionProperties) = preSolution
		HideSolutionNode = FALSE
	EndGlobalSection
	GlobalSection(ExtensibilityGlobals) = postSolution
		SolutionGuid = {B5AFB597-BB60-487A-A3F2-DEEB5B768FB3}
	EndGlobalSection
EndGlobal
